{
  "version": "1.0.0",
  "lockfileVersion": 1,
  "packages": {
    "@prpm/self-improving#claude": {
      "version": "1.0.0",
      "resolved": "https://registry.prpm.dev/api/v1/packages/%40prpm%2Fself-improving/1.0.0.tar.gz",
      "integrity": "sha256-55ed1cb14c2740122193aef466f811fe6252667e817c63d30631fe1b0ccbb26f",
      "format": "claude",
      "subtype": "skill",
      "sourceFormat": "claude",
      "sourceSubtype": "skill",
      "installedPath": ".claude/skills/self-improving/SKILL.md"
    }
  },
  "generated": "2026-04-25T08:43:00.556Z"
}